Microsoft Visual Studio Solution File, Format Version 11.00
# Visual Studio 2008

Project("{0FEB1D50-E251-C2E5-00FE-E02614B1CEDA}") = "LightDemo", "Assembly-CSharp-firstpass.csproj", "{26725585-5C1F-3282-A504-FB1AF3EA9727}"
EndProject
Project("{0FEB1D50-E251-C2E5-00FE-E02614B1CEDA}") = "LightDemo", "Assembly-CSharp.csproj", "{E3E07F32-49B6-BD49-E3B9-59CA045DF1FA}"
EndProject
Project("{0FEB1D50-E251-C2E5-00FE-E02614B1CEDA}") = "LightDemo", "Assembly-CSharp-Editor-firstpass.csproj", "{98B0304E-441C-2B9C-DB32-CB8DF611F9A9}"
EndProject
Project("{0FEB1D50-E251-C2E5-00FE-E02614B1CEDA}") = "LightDemo", "Assembly-CSharp-Editor.csproj", "{9B079ED7-6827-E42F-940E-F00E55CB39A5}"
EndProject
Global
	GlobalSection(SolutionConfigurationPlatforms) = preSolution
		Debug|Any CPU = Debug|Any CPU
		Release|Any CPU = Release|Any CPU
	EndGlobalSection
	GlobalSection(ProjectConfigurationPlatforms) = postSolution
		{26725585-5C1F-3282-A504-FB1AF3EA9727}.Debug|Any CPU.ActiveCfg = Debug|Any CPU
		{26725585-5C1F-3282-A504-FB1AF3EA9727}.Debug|Any CPU.Build.0 = Debug|Any CPU
		{26725585-5C1F-3282-A504-FB1AF3EA9727}.Release|Any CPU.ActiveCfg = Release|Any CPU
		{26725585-5C1F-3282-A504-FB1AF3EA9727}.Release|Any CPU.Build.0 = Release|Any CPU
		{E3E07F32-49B6-BD49-E3B9-59CA045DF1FA}.Debug|Any CPU.ActiveCfg = Debug|Any CPU
		{E3E07F32-49B6-BD49-E3B9-59CA045DF1FA}.Debug|Any CPU.Build.0 = Debug|Any CPU
		{E3E07F32-49B6-BD49-E3B9-59CA045DF1FA}.Release|Any CPU.ActiveCfg = Release|Any CPU
		{E3E07F32-49B6-BD49-E3B9-59CA045DF1FA}.Release|Any CPU.Build.0 = Release|Any CPU
		{98B0304E-441C-2B9C-DB32-CB8DF611F9A9}.Debug|Any CPU.ActiveCfg = Debug|Any CPU
		{98B0304E-441C-2B9C-DB32-CB8DF611F9A9}.Debug|Any CPU.Build.0 = Debug|Any CPU
		{98B0304E-441C-2B9C-DB32-CB8DF611F9A9}.Release|Any CPU.ActiveCfg = Release|Any CPU
		{98B0304E-441C-2B9C-DB32-CB8DF611F9A9}.Release|Any CPU.Build.0 = Release|Any CPU
		{9B079ED7-6827-E42F-940E-F00E55CB39A5}.Debug|Any CPU.ActiveCfg = Debug|Any CPU
		{9B079ED7-6827-E42F-940E-F00E55CB39A5}.Debug|Any CPU.Build.0 = Debug|Any CPU
		{9B079ED7-6827-E42F-940E-F00E55CB39A5}.Release|Any CPU.ActiveCfg = Release|Any CPU
		{9B079ED7-6827-E42F-940E-F00E55CB39A5}.Release|Any CPU.Build.0 = Release|Any CPU
	EndGlobalSection
	GlobalSection(SolutionProperties) = preSolution
		HideSolutionNode = FALSE
	EndGlobalSection
	GlobalSection(MonoDevelopProperties) = preSolution
		StartupItem = Assembly-CSharp.csproj
	EndGlobalSection
EndGlobal
