Microsoft Visual Studio Solution File, Format Version 11.00
# Visual Studio 2008

Project("{0FEB1D50-E251-C2E5-00FE-E02614B1CEDA}") = "LightDemo", "Assembly-CSharp.csproj", "{E3E07F32-49B6-BD49-E3B9-59CA045DF1FA}"
EndProject
Global
	GlobalSection(SolutionConfigurationPlatforms) = preSolution
		Debug|Any CPU = Debug|Any CPU
		Release|Any CPU = Release|Any CPU
	EndGlobalSection
	GlobalSection(ProjectConfigurationPlatforms) = postSolution
		{E3E07F32-49B6-BD49-E3B9-59CA045DF1FA}.Debug|Any CPU.ActiveCfg = Debug|Any CPU
		{E3E07F32-49B6-BD49-E3B9-59CA045DF1FA}.Debug|Any CPU.Build.0 = Debug|Any CPU
		{E3E07F32-49B6-BD49-E3B9-59CA045DF1FA}.Release|Any CPU.ActiveCfg = Release|Any CPU
		{E3E07F32-49B6-BD49-E3B9-59CA045DF1FA}.Release|Any CPU.Build.0 = Release|Any CPU
	EndGlobalSection
	GlobalSection(SolutionProperties) = preSolution
		HideSolutionNode = FALSE
	EndGlobalSection
	GlobalSection(MonoDevelopProperties) = preSolution
		StartupItem = Assembly-CSharp.csproj
	EndGlobalSection
EndGlobal
